// !$*UTF8*$!
{
	archiveVersion = 1;
	classes = {
	};
	objectVersion = 46;
	objects = {

/* Begin PBXBuildFile section */
		BE878B9E1AE4360500A8B3A8 /* AppDelegate.swift in Sources */ = {isa = PBXBuildFile; fileRef = BE878B9D1AE4360500A8B3A8 /* AppDelegate.swift */; };
		BE878BA51AE4360500A8B3A8 /* Images.xcassets in Resources */ = {isa = PBXBuildFile; fileRef = BE878BA41AE4360500A8B3A8 /* Images.xcassets */; };
		BE878BA81AE4360500A8B3A8 /* LaunchScreen.xib in Resources */ = {isa = PBXBuildFile; fileRef = BE878BA61AE4360500A8B3A8 /* LaunchScreen.xib */; };
		BE878BB41AE4360500A8B3A8 /* RottenTomatoesTests.swift in Sources */ = {isa = PBXBuildFile; fileRef = BE878BB31AE4360500A8B3A8 /* RottenTomatoesTests.swift */; };
/* End PBXBuildFile section */

/* Begin PBXContainerItemProxy section */
		BE878BAE1AE4360500A8B3A8 /* PBXContainerItemProxy */ = {
			isa = PBXContainerItemProxy;
			containerPortal = BE878B901AE4360500A8B3A8 /* Project object */;
			proxyType = 1;
			remoteGlobalIDString = BE878B971AE4360500A8B3A8;
			remoteInfo = RottenTomatoes;
		};
/* End PBXContainerItemProxy section */

/* Begin PBXFileReference section */
		BE878B981AE4360500A8B3A8 /* RottenTomatoes.app */ = {isa = PBXFileReference; explicitFileType = wrapper.application; includeInIndex = 0; path = RottenTomatoes.app; sourceTree = BUILT_PRODUCTS_DIR; };
		BE878B9C1AE4360500A8B3A8 /* Info.plist */ = {isa = PBXFileReference; lastKnownFileType = text.plist.xml; path = Info.plist; sourceTree = "<group>"; };
		BE878B9D1AE4360500A8B3A8 /* AppDelegate.swift */ = {isa = PBXFileReference; lastKnownFileType = sourcecode.swift; path = AppDelegate.swift; sourceTree = "<group>"; };
		BE878BA41AE4360500A8B3A8 /* Images.xcassets */ = {isa = PBXFileReference; lastKnownFileType = folder.assetcatalog; path = Images.xcassets; sourceTree = "<group>"; };
		BE878BA71AE4360500A8B3A8 /* Base */ = {isa = PBXFileReference; lastKnownFileType = file.xib; name = Base; path = Base.lproj/LaunchScreen.xib; sourceTree = "<group>"; };
		BE878BAD1AE4360500A8B3A8 /* RottenTomatoesTests.xctest */ = {isa = PBXFileReference; explicitFileType = wrapper.cfbundle; includeInIndex = 0; path = RottenTomatoesTests.xctest; sourceTree = BUILT_PRODUCTS_DIR; };
		BE878BB21AE4360500A8B3A8 /* Info.plist */ = {isa = PBXFileReference; lastKnownFileType = text.plist.xml; path = Info.plist; sourceTree = "<group>"; };
		BE878BB31AE4360500A8B3A8 /* RottenTomatoesTests.swift */ = {isa = PBXFileReference; lastKnownFileType = sourcecode.swift; path = RottenTomatoesTests.swift; sourceTree = "<group>"; };
/* End PBXFileReference section */

/* Begin PBXFrameworksBuildPhase section */
		BE878B951AE4360500A8B3A8 /* Frameworks */ = {
			isa = PBXFrameworksBuildPhase;
			buildActionMask = 2147483647;
			files = (
			);
			runOnlyForDeploymentPostprocessing = 0;
		};
		BE878BAA1AE4360500A8B3A8 /* Frameworks */ = {
			isa = PBXFrameworksBuildPhase;
			buildActionMask = 2147483647;
			files = (
			);
			runOnlyForDeploymentPostprocessing = 0;
		};
/* End PBXFrameworksBuildPhase section */

/* Begin PBXGroup section */
		BE878B8F1AE4360500A8B3A8 = {
			isa = PBXGroup;
			children = (
				BE878B9A1AE4360500A8B3A8 /* RottenTomatoes */,
				BE878BB01AE4360500A8B3A8 /* RottenTomatoesTests */,
				BE878B991AE4360500A8B3A8 /* Products */,
			);
			sourceTree = "<group>";
		};
		BE878B991AE4360500A8B3A8 /* Products */ = {
			isa = PBXGroup;
			children = (
				BE878B981AE4360500A8B3A8 /* RottenTomatoes.app */,
				BE878BAD1AE4360500A8B3A8 /* RottenTomatoesTests.xctest */,
			);
			name = Products;
			sourceTree = "<group>";
		};
		BE878B9A1AE4360500A8B3A8 /* RottenTomatoes */ = {
			isa = PBXGroup;
			children = (
				BE878B9D1AE4360500A8B3A8 /* AppDelegate.swift */,
				BE878BA41AE4360500A8B3A8 /* Images.xcassets */,
				BE878BA61AE4360500A8B3A8 /* LaunchScreen.xib */,
				BE878B9B1AE4360500A8B3A8 /* Supporting Files */,
			);
			path = RottenTomatoes;
			sourceTree = "<group>";
		};
		BE878B9B1AE4360500A8B3A8 /* Supporting Files */ = {
			isa = PBXGroup;
			children = (
				BE878B9C1AE4360500A8B3A8 /* Info.plist */,
			);
			name = "Supporting Files";
			sourceTree = "<group>";
		};
		BE878BB01AE4360500A8B3A8 /* RottenTomatoesTests */ = {
			isa = PBXGroup;
			children = (
				BE878BB31AE4360500A8B3A8 /* RottenTomatoesTests.swift */,
				BE878BB11AE4360500A8B3A8 /* Supporting Files */,
			);
			path = RottenTomatoesTests;
			sourceTree = "<group>";
		};
		BE878BB11AE4360500A8B3A8 /* Supporting Files */ = {
			isa = PBXGroup;
			children = (
				BE878BB21AE4360500A8B3A8 /* Info.plist */,
			);
			name = "Supporting Files";
			sourceTree = "<group>";
		};
/* End PBXGroup section */

/* Begin PBXNativeTarget section */
		BE878B971AE4360500A8B3A8 /* RottenTomatoes */ = {
			isa = PBXNativeTarget;
			buildConfigurationList = BE878BB71AE4360500A8B3A8 /* Build configuration list for PBXNativeTarget "RottenTomatoes" */;
			buildPhases = (
				BE878B941AE4360500A8B3A8 /* Sources */,
				BE878B951AE4360500A8B3A8 /* Frameworks */,
				BE878B961AE4360500A8B3A8 /* Resources */,
			);
			buildRules = (
			);
			dependencies = (
			);
			name = RottenTomatoes;
			productName = RottenTomatoes;
			productReference = BE878B981AE4360500A8B3A8 /* RottenTomatoes.app */;
			productType = "com.apple.product-type.application";
		};
		BE878BAC1AE4360500A8B3A8 /* RottenTomatoesTests */ = {
			isa = PBXNativeTarget;
			buildConfigurationList = BE878BBA1AE4360600A8B3A8 /* Build configuration list for PBXNativeTarget "RottenTomatoesTests" */;
			buildPhases = (
				BE878BA91AE4360500A8B3A8 /* Sources */,
				BE878BAA1AE4360500A8B3A8 /* Frameworks */,
				BE878BAB1AE4360500A8B3A8 /* Resources */,
			);
			buildRules = (
			);
			dependencies = (
				BE878BAF1AE4360500A8B3A8 /* PBXTargetDependency */,
			);
			name = RottenTomatoesTests;
			productName = RottenTomatoesTests;
			productReference = BE878BAD1AE4360500A8B3A8 /* RottenTomatoesTests.xctest */;
			productType = "com.apple.product-type.bundle.unit-test";
		};
/* End PBXNativeTarget section */

/* Begin PBXProject section */
		BE878B901AE4360500A8B3A8 /* Project object */ = {
			isa = PBXProject;
			attributes = {
				LastUpgradeCheck = 0630;
				ORGANIZATIONNAME = "Will Johansson";
				TargetAttributes = {
					BE878B971AE4360500A8B3A8 = {
						CreatedOnToolsVersion = 6.3;
					};
					BE878BAC1AE4360500A8B3A8 = {
						CreatedOnToolsVersion = 6.3;
						TestTargetID = BE878B971AE4360500A8B3A8;
					};
				};
			};
			buildConfigurationList = BE878B931AE4360500A8B3A8 /* Build configuration list for PBXProject "RottenTomatoes" */;
			compatibilityVersion = "Xcode 3.2";
			developmentRegion = English;
			hasScannedForEncodings = 0;
			knownRegions = (
				en,
				Base,
			);
			mainGroup = BE878B8F1AE4360500A8B3A8;
			productRefGroup = BE878B991AE4360500A8B3A8 /* Products */;
			projectDirPath = "";
			projectRoot = "";
			targets = (
				BE878B971AE4360500A8B3A8 /* RottenTomatoes */,
				BE878BAC1AE4360500A8B3A8 /* RottenTomatoesTests */,
			);
		};
/* End PBXProject section */

/* Begin PBXResourcesBuildPhase section */
		BE878B961AE4360500A8B3A8 /* Resources */ = {
			isa = PBXResourcesBuildPhase;
			buildActionMask = 2147483647;
			files = (
				BE878BA81AE4360500A8B3A8 /* LaunchScreen.xib in Resources */,
				BE878BA51AE4360500A8B3A8 /* Images.xcassets in Resources */,
			);
			runOnlyForDeploymentPostprocessing = 0;
		};
		BE878BAB1AE4360500A8B3A8 /* Resources */ = {
			isa = PBXResourcesBuildPhase;
			buildActionMask = 2147483647;
			files = (
			);
			runOnlyForDeploymentPostprocessing = 0;
		};
/* End PBXResourcesBuildPhase section */

/* Begin PBXSourcesBuildPhase section */
		BE878B941AE4360500A8B3A8 /* Sources */ = {
			isa = PBXSourcesBuildPhase;
			buildActionMask = 2147483647;
			files = (
				BE878B9E1AE4360500A8B3A8 /* AppDelegate.swift in Sources */,
			);
			runOnlyForDeploymentPostprocessing = 0;
		};
		BE878BA91AE4360500A8B3A8 /* Sources */ = {
			isa = PBXSourcesBuildPhase;
			buildActionMask = 2147483647;
			files = (
				BE878BB41AE4360500A8B3A8 /* RottenTomatoesTests.swift in Sources */,
			);
			runOnlyForDeploymentPostprocessing = 0;
		};
/* End PBXSourcesBuildPhase section */

/* Begin PBXTargetDependency section */
		BE878BAF1AE4360500A8B3A8 /* PBXTargetDependency */ = {
			isa = PBXTargetDependency;
			target = BE878B971AE4360500A8B3A8 /* RottenTomatoes */;
			targetProxy = BE878BAE1AE4360500A8B3A8 /* PBXContainerItemProxy */;
		};
/* End PBXTargetDependency section */

/* Begin PBXVariantGroup section */
		BE878BA61AE4360500A8B3A8 /* LaunchScreen.xib */ = {
			isa = PBXVariantGroup;
			children = (
				BE878BA71AE4360500A8B3A8 /* Base */,
			);
			name = LaunchScreen.xib;
			sourceTree = "<group>";
		};
/* End PBXVariantGroup section */

/* Begin XCBuildConfiguration section */
		BE878BB51AE4360500A8B3A8 /* Debug */ = {
			isa = XCBuildConfiguration;
			buildSettings = {
				ALWAYS_SEARCH_USER_PATHS = NO;
				CLANG_CXX_LANGUAGE_STANDARD = "gnu++0x";
				CLANG_CXX_LIBRARY = "libc++";
				CLANG_ENABLE_MODULES = YES;
				CLANG_ENABLE_OBJC_ARC = YES;
				CLANG_WARN_BOOL_CONVERSION = YES;
				CLANG_WARN_CONSTANT_CONVERSION = YES;
				CLANG_WARN_DIRECT_OBJC_ISA_USAGE = YES_ERROR;
				CLANG_WARN_EMPTY_BODY = YES;
				CLANG_WARN_ENUM_CONVERSION = YES;
				CLANG_WARN_INT_CONVERSION = YES;
				CLANG_WARN_OBJC_ROOT_CLASS = YES_ERROR;
				CLANG_WARN_UNREACHABLE_CODE = YES;
				CLANG_WARN__DUPLICATE_METHOD_MATCH = YES;
				"CODE_SIGN_IDENTITY[sdk=iphoneos*]" = "iPhone Developer";
				COPY_PHASE_STRIP = NO;
				DEBUG_INFORMATION_FORMAT = "dwarf-with-dsym";
				ENABLE_STRICT_OBJC_MSGSEND = YES;
				GCC_C_LANGUAGE_STANDARD = gnu99;
				GCC_DYNAMIC_NO_PIC = NO;
				GCC_NO_COMMON_BLOCKS = YES;
				GCC_OPTIMIZATION_LEVEL = 0;
				GCC_PREPROCESSOR_DEFINITIONS = (
					"DEBUG=1",
					"$(inherited)",
				);
				GCC_SYMBOLS_PRIVATE_EXTERN = NO;
				GCC_WARN_64_TO_32_BIT_CONVERSION = YES;
				GCC_WARN_ABOUT_RETURN_TYPE = YES_ERROR;
				GCC_WARN_UNDECLARED_SELECTOR = YES;
				GCC_WARN_UNINITIALIZED_AUTOS = YES_AGGRESSIVE;
				GCC_WARN_UNUSED_FUNCTION = YES;
				GCC_WARN_UNUSED_VARIABLE = YES;
				IPHONEOS_DEPLOYMENT_TARGET = 8.3;
				MTL_ENABLE_DEBUG_INFO = YES;
				ONLY_ACTIVE_ARCH = YES;
				SDKROOT = iphoneos;
				SWIFT_OPTIMIZATION_LEVEL = "-Onone";
			};
			name = Debug;
		};
		BE878BB61AE4360500A8B3A8 /* Release */ = {
			isa = XCBuildConfiguration;
			buildSettings = {
				ALWAYS_SEARCH_USER_PATHS = NO;
				CLANG_CXX_LANGUAGE_STANDARD = "gnu++0x";
				CLANG_CXX_LIBRARY = "libc++";
				CLANG_ENABLE_MODULES = YES;
				CLANG_ENABLE_OBJC_ARC = YES;
				CLANG_WARN_BOOL_CONVERSION = YES;
				CLANG_WARN_CONSTANT_CONVERSION = YES;
				CLANG_WARN_DIRECT_OBJC_ISA_USAGE = YES_ERROR;
				CLANG_WARN_EMPTY_BODY = YES;
				CLANG_WARN_ENUM_CONVERSION = YES;
				CLANG_WARN_INT_CONVERSION = YES;
				CLANG_WARN_OBJC_ROOT_CLASS = YES_ERROR;
				CLANG_WARN_UNREACHABLE_CODE = YES;
				CLANG_WARN__DUPLICATE_METHOD_MATCH = YES;
				"CODE_SIGN_IDENTITY[sdk=iphoneos*]" = "iPhone Developer";
				COPY_PHASE_STRIP = NO;
				DEBUG_INFORMATION_FORMAT = "dwarf-with-dsym";
				ENABLE_NS_ASSERTIONS = NO;
				ENABLE_STRICT_OBJC_MSGSEND = YES;
				GCC_C_LANGUAGE_STANDARD = gnu99;
				GCC_NO_COMMON_BLOCKS = YES;
				GCC_WARN_64_TO_32_BIT_CONVERSION = YES;
				GCC_WARN_ABOUT_RETURN_TYPE = YES_ERROR;
				GCC_WARN_UNDECLARED_SELECTOR = YES;
				GCC_WARN_UNINITIALIZED_AUTOS = YES_AGGRESSIVE;
				GCC_WARN_UNUSED_FUNCTION = YES;
				GCC_WARN_UNUSED_VARIABLE = YES;
				IPHONEOS_DEPLOYMENT_TARGET = 8.3;
				MTL_ENABLE_DEBUG_INFO = NO;
				SDKROOT = iphoneos;
				VALIDATE_PRODUCT = YES;
			};
			name = Release;
		};
		BE878BB81AE4360500A8B3A8 /* Debug */ = {
			isa = XCBuildConfiguration;
			buildSettings = {
				ASSETCATALOG_COMPILER_APPICON_NAME = AppIcon;
				INFOPLIST_FILE = RottenTomatoes/Info.plist;
				LD_RUNPATH_SEARCH_PATHS = "$(inherited) @executable_path/Frameworks";
				PRODUCT_NAME = "$(TARGET_NAME)";
			};
			name = Debug;
		};
		BE878BB91AE4360500A8B3A8 /* Release */ = {
			isa = XCBuildConfiguration;
			buildSettings = {
				ASSETCATALOG_COMPILER_APPICON_NAME = AppIcon;
				INFOPLIST_FILE = RottenTomatoes/Info.plist;
				LD_RUNPATH_SEARCH_PATHS = "$(inherited) @executable_path/Frameworks";
				PRODUCT_NAME = "$(TARGET_NAME)";
			};
			name = Release;
		};
		BE878BBB1AE4360600A8B3A8 /* Debug */ = {
			isa = XCBuildConfiguration;
			buildSettings = {
				BUNDLE_LOADER = "$(TEST_HOST)";
				FRAMEWORK_SEARCH_PATHS = (
					"$(SDKROOT)/Developer/Library/Frameworks",
					"$(inherited)",
				);
				GCC_PREPROCESSOR_DEFINITIONS = (
					"DEBUG=1",
					"$(inherited)",
				);
				INFOPLIST_FILE = RottenTomatoesTests/Info.plist;
				LD_RUNPATH_SEARCH_PATHS = "$(inherited) @executable_path/Frameworks @loader_path/Frameworks";
				PRODUCT_NAME = "$(TARGET_NAME)";
				TEST_HOST = "$(BUILT_PRODUCTS_DIR)/RottenTomatoes.app/RottenTomatoes";
			};
			name = Debug;
		};
		BE878BBC1AE4360600A8B3A8 /* Release */ = {
			isa = XCBuildConfiguration;
			buildSettings = {
				BUNDLE_LOADER = "$(TEST_HOST)";
				FRAMEWORK_SEARCH_PATHS = (
					"$(SDKROOT)/Developer/Library/Frameworks",
					"$(inherited)",
				);
				INFOPLIST_FILE = RottenTomatoesTests/Info.plist;
				LD_RUNPATH_SEARCH_PATHS = "$(inherited) @executable_path/Frameworks @loader_path/Frameworks";
				PRODUCT_NAME = "$(TARGET_NAME)";
				TEST_HOST = "$(BUILT_PRODUCTS_DIR)/RottenTomatoes.app/RottenTomatoes";
			};
			name = Release;
		};
/* End XCBuildConfiguration section */

/* Begin XCConfigurationList section */
		BE878B931AE4360500A8B3A8 /* Build configuration list for PBXProject "RottenTomatoes" */ = {
			isa = XCConfigurationList;
			buildConfigurations = (
				BE878BB51AE4360500A8B3A8 /* Debug */,
				BE878BB61AE4360500A8B3A8 /* Release */,
			);
			defaultConfigurationIsVisible = 0;
			defaultConfigurationName = Release;
		};
		BE878BB71AE4360500A8B3A8 /* Build configuration list for PBXNativeTarget "RottenTomatoes" */ = {
			isa = XCConfigurationList;
			buildConfigurations = (
				BE878BB81AE4360500A8B3A8 /* Debug */,
				BE878BB91AE4360500A8B3A8 /* Release */,
			);
			defaultConfigurationIsVisible = 0;
		};
		BE878BBA1AE4360600A8B3A8 /* Build configuration list for PBXNativeTarget "RottenTomatoesTests" */ = {
			isa = XCConfigurationList;
			buildConfigurations = (
				BE878BBB1AE4360600A8B3A8 /* Debug */,
				BE878BBC1AE4360600A8B3A8 /* Release */,
			);
			defaultConfigurationIsVisible = 0;
		};
/* End XCConfigurationList section */
	};
	rootObject = BE878B901AE4360500A8B3A8 /* Project object */;
}
